Microsoft Visual Studio Solution File, Format Version 12.00
# Visual Studio Version 17
VisualStudioVersion = 17.5.2.0
MinimumVisualStudioVersion = 10.0.40219.1
Project("{FAE04EC0-301F-11D3-BF4B-00C04F79EFBC}") = "TrafficTicketAutomation", "TrafficTicketAutomation.csproj", "{7F82C181-9471-B5D2-BE1D-9A6986750918}"
EndProject
Global
	GlobalSection(SolutionConfigurationPlatforms) = preSolution
		Debug|Any CPU = Debug|Any CPU
		Release|Any CPU = Release|Any CPU
	EndGlobalSection
	GlobalSection(ProjectConfigurationPlatforms) = postSolution
		{7F82C181-9471-B5D2-BE1D-9A6986750918}.Debug|Any CPU.ActiveCfg = Debug|Any CPU
		{7F82C181-9471-B5D2-BE1D-9A6986750918}.Debug|Any CPU.Build.0 = Debug|Any CPU
		{7F82C181-9471-B5D2-BE1D-9A6986750918}.Release|Any CPU.ActiveCfg = Release|Any CPU
		{7F82C181-9471-B5D2-BE1D-9A6986750918}.Release|Any CPU.Build.0 = Release|Any CPU
	EndGlobalSection
	GlobalSection(SolutionProperties) = preSolution
		HideSolutionNode = FALSE
	EndGlobalSection
	GlobalSection(ExtensibilityGlobals) = postSolution
		SolutionGuid = {890DB166-D6C0-424A-B74F-D9C712CFEED3}
	EndGlobalSection
EndGlobal
